
Microsoft Visual Studio Solution File, Format Version 12.00
# Visual Studio Version 16
VisualStudioVersion = 16.0.31702.278
MinimumVisualStudioVersion = 10.0.40219.1
Project("{2150E333-8FDC-42A3-9474-1A3956D46DE8}") = "src", "src", "{7A40C615-4575-4166-BE88-47AC59F5BFBB}"
EndProject
Project("{2150E333-8FDC-42A3-9474-1A3956D46DE8}") = "tests", "tests", "{9AEE79D5-95F0-49A5-900D-7190241EE125}"
EndProject
Project("{9A19103F-16F7-4668-BE54-9A1E7A4F7556}") = "PetVet.Infrastructure", "src\PetVet.Infrastructure\PetVet.Infrastructure.csproj", "{BC392808-7226-49A8-A336-99A595CB09FF}"
EndProject
Project("{9A19103F-16F7-4668-BE54-9A1E7A4F7556}") = "PetVet.Persistence", "src\PetVet.Persistence\PetVet.Persistence.csproj", "{A6C7F1D8-E27A-4E03-A646-A2424FBCB62D}"
EndProject
Project("{9A19103F-16F7-4668-BE54-9A1E7A4F7556}") = "PetVet.Domain", "src\PetVet.Domain\PetVet.Domain.csproj", "{A83C24A2-E361-4E6A-8806-E4875AFAFDF3}"
EndProject
Project("{9A19103F-16F7-4668-BE54-9A1E7A4F7556}") = "PetVet.Application", "src\PetVet.Application\PetVet.Application.csproj", "{948D4906-B890-46DC-A0A1-0EBC4A7D7824}"
EndProject
Project("{2150E333-8FDC-42A3-9474-1A3956D46DE8}") = "containers", "containers", "{9D663726-8651-4615-B132-303883FD8ED2}"
EndProject
Project("{2150E333-8FDC-42A3-9474-1A3956D46DE8}") = "infrastructure", "infrastructure", "{EAD15D38-C6D5-42D9-A824-D36A6C45C048}"
EndProject
Project("{2150E333-8FDC-42A3-9474-1A3956D46DE8}") = "core", "core", "{206C0EC1-734B-4348-BC07-DBEF96EBBFFA}"
EndProject
Project("{9A19103F-16F7-4668-BE54-9A1E7A4F7556}") = "PetVet.Web", "src\PetVet.Web\PetVet.Web.csproj", "{0920BA51-6D29-4849-8666-13059D848F72}"
EndProject
Project("{9A19103F-16F7-4668-BE54-9A1E7A4F7556}") = "PetVet.Application.UnitTests", "tests\PetVet.Application.UnitTests\PetVet.Application.UnitTests.csproj", "{FA7955F1-F0C5-40F7-9A0D-8F12D5A77915}"
EndProject
Project("{9A19103F-16F7-4668-BE54-9A1E7A4F7556}") = "PetVet.Domain.UnitTests", "tests\PetVet.Domain.UnitTests\PetVet.Domain.UnitTests.csproj", "{A3D64266-87EB-4E41-9FA6-98FD2788BD82}"
EndProject
Project("{9A19103F-16F7-4668-BE54-9A1E7A4F7556}") = "PetVet.Infrastructure.UnitTests", "tests\PetVet.Infrastructure.UnitTests\PetVet.Infrastructure.UnitTests.csproj", "{692BA56A-988D-4A55-8529-5782030F04FF}"
EndProject
Global
	GlobalSection(SolutionConfigurationPlatforms) = preSolution
		Debug|Any CPU = Debug|Any CPU
		Release|Any CPU = Release|Any CPU
	EndGlobalSection
	GlobalSection(ProjectConfigurationPlatforms) = postSolution
		{BC392808-7226-49A8-A336-99A595CB09FF}.Debug|Any CPU.ActiveCfg = Debug|Any CPU
		{BC392808-7226-49A8-A336-99A595CB09FF}.Debug|Any CPU.Build.0 = Debug|Any CPU
		{BC392808-7226-49A8-A336-99A595CB09FF}.Release|Any CPU.ActiveCfg = Release|Any CPU
		{BC392808-7226-49A8-A336-99A595CB09FF}.Release|Any CPU.Build.0 = Release|Any CPU
		{A6C7F1D8-E27A-4E03-A646-A2424FBCB62D}.Debug|Any CPU.ActiveCfg = Debug|Any CPU
		{A6C7F1D8-E27A-4E03-A646-A2424FBCB62D}.Debug|Any CPU.Build.0 = Debug|Any CPU
		{A6C7F1D8-E27A-4E03-A646-A2424FBCB62D}.Release|Any CPU.ActiveCfg = Release|Any CPU
		{A6C7F1D8-E27A-4E03-A646-A2424FBCB62D}.Release|Any CPU.Build.0 = Release|Any CPU
		{A83C24A2-E361-4E6A-8806-E4875AFAFDF3}.Debug|Any CPU.ActiveCfg = Debug|Any CPU
		{A83C24A2-E361-4E6A-8806-E4875AFAFDF3}.Debug|Any CPU.Build.0 = Debug|Any CPU
		{A83C24A2-E361-4E6A-8806-E4875AFAFDF3}.Release|Any CPU.ActiveCfg = Release|Any CPU
		{A83C24A2-E361-4E6A-8806-E4875AFAFDF3}.Release|Any CPU.Build.0 = Release|Any CPU
		{948D4906-B890-46DC-A0A1-0EBC4A7D7824}.Debug|Any CPU.ActiveCfg = Debug|Any CPU
		{948D4906-B890-46DC-A0A1-0EBC4A7D7824}.Debug|Any CPU.Build.0 = Debug|Any CPU
		{948D4906-B890-46DC-A0A1-0EBC4A7D7824}.Release|Any CPU.ActiveCfg = Release|Any CPU
		{948D4906-B890-46DC-A0A1-0EBC4A7D7824}.Release|Any CPU.Build.0 = Release|Any CPU
		{0920BA51-6D29-4849-8666-13059D848F72}.Debug|Any CPU.ActiveCfg = Debug|Any CPU
		{0920BA51-6D29-4849-8666-13059D848F72}.Debug|Any CPU.Build.0 = Debug|Any CPU
		{0920BA51-6D29-4849-8666-13059D848F72}.Release|Any CPU.ActiveCfg = Release|Any CPU
		{0920BA51-6D29-4849-8666-13059D848F72}.Release|Any CPU.Build.0 = Release|Any CPU
		{FA7955F1-F0C5-40F7-9A0D-8F12D5A77915}.Debug|Any CPU.ActiveCfg = Debug|Any CPU
		{FA7955F1-F0C5-40F7-9A0D-8F12D5A77915}.Debug|Any CPU.Build.0 = Debug|Any CPU
		{FA7955F1-F0C5-40F7-9A0D-8F12D5A77915}.Release|Any CPU.ActiveCfg = Release|Any CPU
		{FA7955F1-F0C5-40F7-9A0D-8F12D5A77915}.Release|Any CPU.Build.0 = Release|Any CPU
		{A3D64266-87EB-4E41-9FA6-98FD2788BD82}.Debug|Any CPU.ActiveCfg = Debug|Any CPU
		{A3D64266-87EB-4E41-9FA6-98FD2788BD82}.Debug|Any CPU.Build.0 = Debug|Any CPU
		{A3D64266-87EB-4E41-9FA6-98FD2788BD82}.Release|Any CPU.ActiveCfg = Release|Any CPU
		{A3D64266-87EB-4E41-9FA6-98FD2788BD82}.Release|Any CPU.Build.0 = Release|Any CPU
		{692BA56A-988D-4A55-8529-5782030F04FF}.Debug|Any CPU.ActiveCfg = Debug|Any CPU
		{692BA56A-988D-4A55-8529-5782030F04FF}.Debug|Any CPU.Build.0 = Debug|Any CPU
		{692BA56A-988D-4A55-8529-5782030F04FF}.Release|Any CPU.ActiveCfg = Release|Any CPU
		{692BA56A-988D-4A55-8529-5782030F04FF}.Release|Any CPU.Build.0 = Release|Any CPU
	EndGlobalSection
	GlobalSection(SolutionProperties) = preSolution
		HideSolutionNode = FALSE
	EndGlobalSection
	GlobalSection(NestedProjects) = preSolution
		{BC392808-7226-49A8-A336-99A595CB09FF} = {EAD15D38-C6D5-42D9-A824-D36A6C45C048}
		{A6C7F1D8-E27A-4E03-A646-A2424FBCB62D} = {EAD15D38-C6D5-42D9-A824-D36A6C45C048}
		{A83C24A2-E361-4E6A-8806-E4875AFAFDF3} = {206C0EC1-734B-4348-BC07-DBEF96EBBFFA}
		{948D4906-B890-46DC-A0A1-0EBC4A7D7824} = {206C0EC1-734B-4348-BC07-DBEF96EBBFFA}
		{9D663726-8651-4615-B132-303883FD8ED2} = {7A40C615-4575-4166-BE88-47AC59F5BFBB}
		{EAD15D38-C6D5-42D9-A824-D36A6C45C048} = {7A40C615-4575-4166-BE88-47AC59F5BFBB}
		{206C0EC1-734B-4348-BC07-DBEF96EBBFFA} = {7A40C615-4575-4166-BE88-47AC59F5BFBB}
		{0920BA51-6D29-4849-8666-13059D848F72} = {9D663726-8651-4615-B132-303883FD8ED2}
		{FA7955F1-F0C5-40F7-9A0D-8F12D5A77915} = {9AEE79D5-95F0-49A5-900D-7190241EE125}
		{A3D64266-87EB-4E41-9FA6-98FD2788BD82} = {9AEE79D5-95F0-49A5-900D-7190241EE125}
		{692BA56A-988D-4A55-8529-5782030F04FF} = {9AEE79D5-95F0-49A5-900D-7190241EE125}
	EndGlobalSection
	GlobalSection(ExtensibilityGlobals) = postSolution
		SolutionGuid = {8E90ACDF-1ACC-41FE-BA8D-26769C9A88A9}
	EndGlobalSection
EndGlobal
